
Microsoft Visual Studio Solution File, Format Version 12.00
Project("{FAE04EC0-301F-11D3-BF4B-00C04F79EFBC}") = "whereareyou", "whereareyou\whereareyou.csproj", "{226E5BC1-3331-47A9-AC4D-60403F67F5C3}"
EndProject
Global
	GlobalSection(SolutionConfigurationPlatforms) = preSolution
		Debug|Any CPU = Debug|Any CPU
		Release|Any CPU = Release|Any CPU
	EndGlobalSection
	GlobalSection(ProjectConfigurationPlatforms) = postSolution
		{226E5BC1-3331-47A9-AC4D-60403F67F5C3}.Debug|Any CPU.ActiveCfg = Debug|Any CPU
		{226E5BC1-3331-47A9-AC4D-60403F67F5C3}.Debug|Any CPU.Build.0 = Debug|Any CPU
		{226E5BC1-3331-47A9-AC4D-60403F67F5C3}.Release|Any CPU.ActiveCfg = Release|Any CPU
		{226E5BC1-3331-47A9-AC4D-60403F67F5C3}.Release|Any CPU.Build.0 = Release|Any CPU
	EndGlobalSection
EndGlobal
